{
  "name": "map",
  "version": "0.1.0",
  "lockfileVersion": 3,
  "requires": true,
  "packages": {
    "": {
      "name": "map",
      "version": "0.1.0",
      "dependencies": {
        "tree-sitter-wasms": "^0.1.12",
        "web-tree-sitter": "^0.22.6"
      },
      "bin": {
        "map": "bin/map.js"
      },
      "engines": {
        "node": ">=20"
      }
    },
    "node_modules/tree-sitter-wasms": {
      "version": "0.1.12",
      "resolved": "https://registry.npmjs.org/tree-sitter-wasms/-/tree-sitter-wasms-0.1.12.tgz",
      "integrity": "sha512-N9Jp+dkB23Ul5Gw0utm+3pvG4km4Fxsi2jmtMFg7ivzwqWPlSyrYQIrOmcX+79taVfcHEA+NzP0hl7vXL8DNUQ==",
      "dependencies": {
        "tree-sitter-wasms": "^0.1.11"
      }
    },
    "node_modules/web-tree-sitter": {
      "version": "0.22.6",
      "resolved": "https://registry.npmjs.org/web-tree-sitter/-/web-tree-sitter-0.22.6.tgz",
      "integrity": "sha512-hS87TH71Zd6mGAmYCvlgxeGDjqd9GTeqXNqTT+u0Gs51uIozNIaaq/kUAbV/Zf56jb2ZOyG8BxZs2GG9wbLi6Q=="
    }
  }
}
